
Microsoft Visual Studio Solution File, Format Version 12.00
# Visual Studio Version 16
VisualStudioVersion = 16.0.30114.105
MinimumVisualStudioVersion = 10.0.40219.1
Project("{FAE04EC0-301F-11D3-BF4B-00C04F79EFBC}") = "GreenBelt.Exercises", "GreenBelt.Exercises\GreenBelt.Exercises.csproj", "{23011E32-63C1-40FD-8C85-ECCC9630693D}"
EndProject
Project("{FAE04EC0-301F-11D3-BF4B-00C04F79EFBC}") = "GreenBelt.Exercises.Tests", "GreenBelt.Exercises.Tests\GreenBelt.Exercises.Tests.csproj", "{8DBE95BD-9BCD-4CEB-A997-8A5397A2130D}"
EndProject
Global
	GlobalSection(SolutionConfigurationPlatforms) = preSolution
		Debug|Any CPU = Debug|Any CPU
		Release|Any CPU = Release|Any CPU
	EndGlobalSection
	GlobalSection(SolutionProperties) = preSolution
		HideSolutionNode = FALSE
	EndGlobalSection
	GlobalSection(ProjectConfigurationPlatforms) = postSolution
		{23011E32-63C1-40FD-8C85-ECCC9630693D}.Debug|Any CPU.ActiveCfg = Debug|Any CPU
		{23011E32-63C1-40FD-8C85-ECCC9630693D}.Debug|Any CPU.Build.0 = Debug|Any CPU
		{23011E32-63C1-40FD-8C85-ECCC9630693D}.Release|Any CPU.ActiveCfg = Release|Any CPU
		{23011E32-63C1-40FD-8C85-ECCC9630693D}.Release|Any CPU.Build.0 = Release|Any CPU
		{8DBE95BD-9BCD-4CEB-A997-8A5397A2130D}.Debug|Any CPU.ActiveCfg = Debug|Any CPU
		{8DBE95BD-9BCD-4CEB-A997-8A5397A2130D}.Debug|Any CPU.Build.0 = Debug|Any CPU
		{8DBE95BD-9BCD-4CEB-A997-8A5397A2130D}.Release|Any CPU.ActiveCfg = Release|Any CPU
		{8DBE95BD-9BCD-4CEB-A997-8A5397A2130D}.Release|Any CPU.Build.0 = Release|Any CPU
	EndGlobalSection
EndGlobal
