
Microsoft Visual Studio Solution File, Format Version 12.00
# Visual Studio Version 16
VisualStudioVersion = 16.0.30114.105
MinimumVisualStudioVersion = 10.0.40219.1
Project("{FAE04EC0-301F-11D3-BF4B-00C04F79EFBC}") = "WhiteBelt.Exercises", "WhiteBelt.Exercises\WhiteBelt.Exercises.csproj", "{32F924E3-E41A-4BA7-B268-AE60FEDC08D4}"
EndProject
Project("{FAE04EC0-301F-11D3-BF4B-00C04F79EFBC}") = "WhiteBelt.Exercises.Tests", "WhiteBelt.Exercises.Tests\WhiteBelt.Exercises.Tests.csproj", "{637F21DB-FDC2-4C9B-A39A-3D82EFCE6963}"
EndProject
Global
	GlobalSection(SolutionConfigurationPlatforms) = preSolution
		Debug|Any CPU = Debug|Any CPU
		Release|Any CPU = Release|Any CPU
	EndGlobalSection
	GlobalSection(SolutionProperties) = preSolution
		HideSolutionNode = FALSE
	EndGlobalSection
	GlobalSection(ProjectConfigurationPlatforms) = postSolution
		{32F924E3-E41A-4BA7-B268-AE60FEDC08D4}.Debug|Any CPU.ActiveCfg = Debug|Any CPU
		{32F924E3-E41A-4BA7-B268-AE60FEDC08D4}.Debug|Any CPU.Build.0 = Debug|Any CPU
		{32F924E3-E41A-4BA7-B268-AE60FEDC08D4}.Release|Any CPU.ActiveCfg = Release|Any CPU
		{32F924E3-E41A-4BA7-B268-AE60FEDC08D4}.Release|Any CPU.Build.0 = Release|Any CPU
		{637F21DB-FDC2-4C9B-A39A-3D82EFCE6963}.Debug|Any CPU.ActiveCfg = Debug|Any CPU
		{637F21DB-FDC2-4C9B-A39A-3D82EFCE6963}.Debug|Any CPU.Build.0 = Debug|Any CPU
		{637F21DB-FDC2-4C9B-A39A-3D82EFCE6963}.Release|Any CPU.ActiveCfg = Release|Any CPU
		{637F21DB-FDC2-4C9B-A39A-3D82EFCE6963}.Release|Any CPU.Build.0 = Release|Any CPU
	EndGlobalSection
EndGlobal
