
Microsoft Visual Studio Solution File, Format Version 12.00
# Visual Studio Version 16
VisualStudioVersion = 16.0.30114.105
MinimumVisualStudioVersion = 10.0.40219.1
Project("{FAE04EC0-301F-11D3-BF4B-00C04F79EFBC}") = "BlueBelt.Api", "BlueBelt.Api\BlueBelt.Api.csproj", "{D169E667-E6D8-452A-996C-4B263572DEFF}"
EndProject
Project("{FAE04EC0-301F-11D3-BF4B-00C04F79EFBC}") = "BlueBelt.Service", "BlueBelt.Service\BlueBelt.Service.csproj", "{1BC90C8D-76F8-4C4F-A357-B42EC8F940A8}"
EndProject
Global
	GlobalSection(SolutionConfigurationPlatforms) = preSolution
		Debug|Any CPU = Debug|Any CPU
		Release|Any CPU = Release|Any CPU
	EndGlobalSection
	GlobalSection(SolutionProperties) = preSolution
		HideSolutionNode = FALSE
	EndGlobalSection
	GlobalSection(ProjectConfigurationPlatforms) = postSolution
		{D169E667-E6D8-452A-996C-4B263572DEFF}.Debug|Any CPU.ActiveCfg = Debug|Any CPU
		{D169E667-E6D8-452A-996C-4B263572DEFF}.Debug|Any CPU.Build.0 = Debug|Any CPU
		{D169E667-E6D8-452A-996C-4B263572DEFF}.Release|Any CPU.ActiveCfg = Release|Any CPU
		{D169E667-E6D8-452A-996C-4B263572DEFF}.Release|Any CPU.Build.0 = Release|Any CPU
		{1BC90C8D-76F8-4C4F-A357-B42EC8F940A8}.Debug|Any CPU.ActiveCfg = Debug|Any CPU
		{1BC90C8D-76F8-4C4F-A357-B42EC8F940A8}.Debug|Any CPU.Build.0 = Debug|Any CPU
		{1BC90C8D-76F8-4C4F-A357-B42EC8F940A8}.Release|Any CPU.ActiveCfg = Release|Any CPU
		{1BC90C8D-76F8-4C4F-A357-B42EC8F940A8}.Release|Any CPU.Build.0 = Release|Any CPU
	EndGlobalSection
EndGlobal
